PODS:
  - KlikIDM_DS (0.1.11)
  - lottie-ios (4.4.1)
  - Poinku_DS (0.1.3)

DEPENDENCIES:
  - KlikIDM_DS (from `/Users/yovitahandayiani/Documents/GitHub/KlikIDM_DS`)
  - lottie-ios
  - Poinku_DS (from `/Users/yovitahandayiani/Documents/GitHub/Poinku_DS`)

SPEC REPOS:
  trunk:
    - lottie-ios

EXTERNAL SOURCES:
  KlikIDM_DS:
    :path: "/Users/yovitahandayiani/Documents/GitHub/KlikIDM_DS"
  Poinku_DS:
    :path: "/Users/yovitahandayiani/Documents/GitHub/Poinku_DS"

SPEC CHECKSUMS:
  KlikIDM_DS: ac9f0ef79de0f4c17d3d5cf9427686033169edf6
  lottie-ios: e047b1d2e6239b787cc5e9755b988869cf190494
  Poinku_DS: 23b49d22338352652755014d70cce78b04a296ec

PODFILE CHECKSUM: 5264caa74e0e07d3076e7d683fc894351fc779e7

COCOAPODS: 1.16.2
